
Microsoft Visual Studio Solution File, Format Version 12.00
# Visual Studio 2012
Project("{FAE04EC0-301F-11D3-BF4B-00C04F79EFBC}") = "NhanSu_TTN", "NhanSu_TTN\NhanSu_TTN.csproj", "{E962070D-E54B-442C-9541-921A624ADB46}"
EndProject
Global
	GlobalSection(SolutionConfigurationPlatforms) = preSolution
		Debug|Any CPU = Debug|Any CPU
		Release|Any CPU = Release|Any CPU
	EndGlobalSection
	GlobalSection(ProjectConfigurationPlatforms) = postSolution
		{E962070D-E54B-442C-9541-921A624ADB46}.Debug|Any CPU.ActiveCfg = Debug|Any CPU
		{E962070D-E54B-442C-9541-921A624ADB46}.Debug|Any CPU.Build.0 = Debug|Any CPU
		{E962070D-E54B-442C-9541-921A624ADB46}.Release|Any CPU.ActiveCfg = Release|Any CPU
		{E962070D-E54B-442C-9541-921A624ADB46}.Release|Any CPU.Build.0 = Release|Any CPU
	EndGlobalSection
	GlobalSection(SolutionProperties) = preSolution
		HideSolutionNode = FALSE
	EndGlobalSection
EndGlobal
